// !$*UTF8*$!
{
	archiveVersion = 1;
	classes = {
	};
	objectVersion = 46;
	objects = {

/* Begin PBXBuildFile section */
		72B784291C75D277000E2058 /* AppDelegate.swift in Sources */ = {isa = PBXBuildFile; fileRef = 72B784281C75D277000E2058 /* AppDelegate.swift */; };
		72B7842B1C75D277000E2058 /* ViewController.swift in Sources */ = {isa = PBXBuildFile; fileRef = 72B7842A1C75D277000E2058 /* ViewController.swift */; };
		72B7842E1C75D277000E2058 /* Main.storyboard in Resources */ = {isa = PBXBuildFile; fileRef = 72B7842C1C75D277000E2058 /* Main.storyboard */; };
		72B784301C75D277000E2058 /* Assets.xcassets in Resources */ = {isa = PBXBuildFile; fileRef = 72B7842F1C75D277000E2058 /* Assets.xcassets */; };
		72B784331C75D277000E2058 /* LaunchScreen.storyboard in Resources */ = {isa = PBXBuildFile; fileRef = 72B784311C75D277000E2058 /* LaunchScreen.storyboard */; };
		72B7843B1C75D64E000E2058 /* pokemon.csv in Resources */ = {isa = PBXBuildFile; fileRef = 72B7843A1C75D64E000E2058 /* pokemon.csv */; };
		72B7843E1C75E36B000E2058 /* Pokemon.swift in Sources */ = {isa = PBXBuildFile; fileRef = 72B7843D1C75E36B000E2058 /* Pokemon.swift */; };
		72B784411C75F32C000E2058 /* PokeCell.swift in Sources */ = {isa = PBXBuildFile; fileRef = 72B784401C75F32C000E2058 /* PokeCell.swift */; };
		72B784431C76E292000E2058 /* csv.swift in Sources */ = {isa = PBXBuildFile; fileRef = 72B784421C76E292000E2058 /* csv.swift */; };
		72B784481C76E945000E2058 /* pokemon_solid.ttf in Resources */ = {isa = PBXBuildFile; fileRef = 72B784471C76E945000E2058 /* pokemon_solid.ttf */; };
		72B7844A1C76EDC9000E2058 /* music.mp3 in Resources */ = {isa = PBXBuildFile; fileRef = 72B784491C76EDC9000E2058 /* music.mp3 */; };
		72B7844C1C77090A000E2058 /* PokemonDetailVC.swift in Sources */ = {isa = PBXBuildFile; fileRef = 72B7844B1C77090A000E2058 /* PokemonDetailVC.swift */; };
		72B7844E1C7827D0000E2058 /* Constants.swift in Sources */ = {isa = PBXBuildFile; fileRef = 72B7844D1C7827D0000E2058 /* Constants.swift */; };
		E41184F872436BD47EA40ADC /* Pods_pokemon_pokedex.framework in Frameworks */ = {isa = PBXBuildFile; fileRef = CE2F86DC4EFC060E1B0795EE /* Pods_pokemon_pokedex.framework */; };
/* End PBXBuildFile section */

/* Begin PBXFileReference section */
		72B784251C75D277000E2058 /* pokemon-pokedex.app */ = {isa = PBXFileReference; explicitFileType = wrapper.application; includeInIndex = 0; path = "pokemon-pokedex.app"; sourceTree = BUILT_PRODUCTS_DIR; };
		72B784281C75D277000E2058 /* AppDelegate.swift */ = {isa = PBXFileReference; lastKnownFileType = sourcecode.swift; path = AppDelegate.swift; sourceTree = "<group>"; };
		72B7842A1C75D277000E2058 /* ViewController.swift */ = {isa = PBXFileReference; lastKnownFileType = sourcecode.swift; path = ViewController.swift; sourceTree = "<group>"; };
		72B7842D1C75D277000E2058 /* Base */ = {isa = PBXFileReference; lastKnownFileType = file.storyboard; name = Base; path = Base.lproj/Main.storyboard; sourceTree = "<group>"; };
		72B7842F1C75D277000E2058 /* Assets.xcassets */ = {isa = PBXFileReference; lastKnownFileType = folder.assetcatalog; path = Assets.xcassets; sourceTree = "<group>"; };
		72B784321C75D277000E2058 /* Base */ = {isa = PBXFileReference; lastKnownFileType = file.storyboard; name = Base; path = Base.lproj/LaunchScreen.storyboard; sourceTree = "<group>"; };
		72B784341C75D277000E2058 /* Info.plist */ = {isa = PBXFileReference; lastKnownFileType = text.plist.xml; path = Info.plist; sourceTree = "<group>"; };
		72B7843A1C75D64E000E2058 /* pokemon.csv */ = {isa = PBXFileReference; fileEncoding = 4; lastKnownFileType = text; path = pokemon.csv; sourceTree = "<group>"; };
		72B7843D1C75E36B000E2058 /* Pokemon.swift */ = {isa = PBXFileReference; fileEncoding = 4; lastKnownFileType = sourcecode.swift; path = Pokemon.swift; sourceTree = "<group>"; };
		72B784401C75F32C000E2058 /* PokeCell.swift */ = {isa = PBXFileReference; fileEncoding = 4; lastKnownFileType = sourcecode.swift; path = PokeCell.swift; sourceTree = "<group>"; };
		72B784421C76E292000E2058 /* csv.swift */ = {isa = PBXFileReference; fileEncoding = 4; lastKnownFileType = sourcecode.swift; path = csv.swift; sourceTree = "<group>"; };
		72B784471C76E945000E2058 /* pokemon_solid.ttf */ = {isa = PBXFileReference; lastKnownFileType = file; path = pokemon_solid.ttf; sourceTree = "<group>"; };
		72B784491C76EDC9000E2058 /* music.mp3 */ = {isa = PBXFileReference; lastKnownFileType = audio.mp3; path = music.mp3; sourceTree = "<group>"; };
		72B7844B1C77090A000E2058 /* PokemonDetailVC.swift */ = {isa = PBXFileReference; fileEncoding = 4; lastKnownFileType = sourcecode.swift; path = PokemonDetailVC.swift; sourceTree = "<group>"; };
		72B7844D1C7827D0000E2058 /* Constants.swift */ = {isa = PBXFileReference; fileEncoding = 4; lastKnownFileType = sourcecode.swift; path = Constants.swift; sourceTree = "<group>"; };
		7BE6F03ACD913313A9E17162 /* Pods-pokemon-pokedex.release.xcconfig */ = {isa = PBXFileReference; includeInIndex = 1; lastKnownFileType = text.xcconfig; name = "Pods-pokemon-pokedex.release.xcconfig"; path = "Pods/Target Support Files/Pods-pokemon-pokedex/Pods-pokemon-pokedex.release.xcconfig"; sourceTree = "<group>"; };
		CE2F86DC4EFC060E1B0795EE /* Pods_pokemon_pokedex.framework */ = {isa = PBXFileReference; explicitFileType = wrapper.framework; includeInIndex = 0; path = Pods_pokemon_pokedex.framework; sourceTree = BUILT_PRODUCTS_DIR; };
		EA1323F683C2F50D56A2CC8B /* Pods-pokemon-pokedex.debug.xcconfig */ = {isa = PBXFileReference; includeInIndex = 1; lastKnownFileType = text.xcconfig; name = "Pods-pokemon-pokedex.debug.xcconfig"; path = "Pods/Target Support Files/Pods-pokemon-pokedex/Pods-pokemon-pokedex.debug.xcconfig"; sourceTree = "<group>"; };
/* End PBXFileReference section */

/* Begin PBXFrameworksBuildPhase section */
		72B784221C75D277000E2058 /* Frameworks */ = {
			isa = PBXFrameworksBuildPhase;
			buildActionMask = 2147483647;
			files = (
				E41184F872436BD47EA40ADC /* Pods_pokemon_pokedex.framework in Frameworks */,
			);
			runOnlyForDeploymentPostprocessing = 0;
		};
/* End PBXFrameworksBuildPhase section */

/* Begin PBXGroup section */
		505FDBBA61DF700649B1C4F7 /* Frameworks */ = {
			isa = PBXGroup;
			children = (
				CE2F86DC4EFC060E1B0795EE /* Pods_pokemon_pokedex.framework */,
			);
			name = Frameworks;
			sourceTree = "<group>";
		};
		72B7841C1C75D277000E2058 = {
			isa = PBXGroup;
			children = (
				72B784271C75D277000E2058 /* pokemon-pokedex */,
				72B784261C75D277000E2058 /* Products */,
				81DF707627F4B8581481FF2D /* Pods */,
				505FDBBA61DF700649B1C4F7 /* Frameworks */,
			);
			sourceTree = "<group>";
		};
		72B784261C75D277000E2058 /* Products */ = {
			isa = PBXGroup;
			children = (
				72B784251C75D277000E2058 /* pokemon-pokedex.app */,
			);
			name = Products;
			sourceTree = "<group>";
		};
		72B784271C75D277000E2058 /* pokemon-pokedex */ = {
			isa = PBXGroup;
			children = (
				72B7843C1C75E358000E2058 /* Model */,
				72B7843F1C75F2ED000E2058 /* View */,
				72B784451C76E2C9000E2058 /* Controller */,
				72B784441C76E2B0000E2058 /* Utilities */,
				72B784461C76E2D8000E2058 /* Resources */,
				72B784281C75D277000E2058 /* AppDelegate.swift */,
				72B7842C1C75D277000E2058 /* Main.storyboard */,
				72B7842F1C75D277000E2058 /* Assets.xcassets */,
				72B784311C75D277000E2058 /* LaunchScreen.storyboard */,
				72B784341C75D277000E2058 /* Info.plist */,
			);
			path = "pokemon-pokedex";
			sourceTree = "<group>";
		};
		72B7843C1C75E358000E2058 /* Model */ = {
			isa = PBXGroup;
			children = (
				72B7843D1C75E36B000E2058 /* Pokemon.swift */,
			);
			name = Model;
			sourceTree = "<group>";
		};
		72B7843F1C75F2ED000E2058 /* View */ = {
			isa = PBXGroup;
			children = (
				72B784401C75F32C000E2058 /* PokeCell.swift */,
			);
			name = View;
			sourceTree = "<group>";
		};
		72B784441C76E2B0000E2058 /* Utilities */ = {
			isa = PBXGroup;
			children = (
				72B784421C76E292000E2058 /* csv.swift */,
				72B7844D1C7827D0000E2058 /* Constants.swift */,
			);
			name = Utilities;
			sourceTree = "<group>";
		};
		72B784451C76E2C9000E2058 /* Controller */ = {
			isa = PBXGroup;
			children = (
				72B7842A1C75D277000E2058 /* ViewController.swift */,
				72B7844B1C77090A000E2058 /* PokemonDetailVC.swift */,
			);
			name = Controller;
			sourceTree = "<group>";
		};
		72B784461C76E2D8000E2058 /* Resources */ = {
			isa = PBXGroup;
			children = (
				72B784491C76EDC9000E2058 /* music.mp3 */,
				72B7843A1C75D64E000E2058 /* pokemon.csv */,
				72B784471C76E945000E2058 /* pokemon_solid.ttf */,
			);
			name = Resources;
			sourceTree = "<group>";
		};
		81DF707627F4B8581481FF2D /* Pods */ = {
			isa = PBXGroup;
			children = (
				EA1323F683C2F50D56A2CC8B /* Pods-pokemon-pokedex.debug.xcconfig */,
				7BE6F03ACD913313A9E17162 /* Pods-pokemon-pokedex.release.xcconfig */,
			);
			name = Pods;
			sourceTree = "<group>";
		};
/* End PBXGroup section */

/* Begin PBXNativeTarget section */
		72B784241C75D277000E2058 /* pokemon-pokedex */ = {
			isa = PBXNativeTarget;
			buildConfigurationList = 72B784371C75D277000E2058 /* Build configuration list for PBXNativeTarget "pokemon-pokedex" */;
			buildPhases = (
				B5E3BE810CF9A6329D58D5CD /* Check Pods Manifest.lock */,
				72B784211C75D277000E2058 /* Sources */,
				72B784221C75D277000E2058 /* Frameworks */,
				72B784231C75D277000E2058 /* Resources */,
				9A623E451A5DCCADE7C0E7E5 /* Embed Pods Frameworks */,
				D03AFB042E2680338C62FED9 /* Copy Pods Resources */,
			);
			buildRules = (
			);
			dependencies = (
			);
			name = "pokemon-pokedex";
			productName = "pokemon-pokedex";
			productReference = 72B784251C75D277000E2058 /* pokemon-pokedex.app */;
			productType = "com.apple.product-type.application";
		};
/* End PBXNativeTarget section */

/* Begin PBXProject section */
		72B7841D1C75D277000E2058 /* Project object */ = {
			isa = PBXProject;
			attributes = {
				LastSwiftUpdateCheck = 0720;
				LastUpgradeCheck = 0720;
				ORGANIZATIONNAME = "Todd Hassell";
				TargetAttributes = {
					72B784241C75D277000E2058 = {
						CreatedOnToolsVersion = 7.2.1;
						DevelopmentTeam = 4Z92Q58P4A;
					};
				};
			};
			buildConfigurationList = 72B784201C75D277000E2058 /* Build configuration list for PBXProject "pokemon-pokedex" */;
			compatibilityVersion = "Xcode 3.2";
			developmentRegion = English;
			hasScannedForEncodings = 0;
			knownRegions = (
				en,
				Base,
			);
			mainGroup = 72B7841C1C75D277000E2058;
			productRefGroup = 72B784261C75D277000E2058 /* Products */;
			projectDirPath = "";
			projectRoot = "";
			targets = (
				72B784241C75D277000E2058 /* pokemon-pokedex */,
			);
		};
/* End PBXProject section */

/* Begin PBXResourcesBuildPhase section */
		72B784231C75D277000E2058 /* Resources */ = {
			isa = PBXResourcesBuildPhase;
			buildActionMask = 2147483647;
			files = (
				72B784331C75D277000E2058 /* LaunchScreen.storyboard in Resources */,
				72B784481C76E945000E2058 /* pokemon_solid.ttf in Resources */,
				72B7844A1C76EDC9000E2058 /* music.mp3 in Resources */,
				72B784301C75D277000E2058 /* Assets.xcassets in Resources */,
				72B7843B1C75D64E000E2058 /* pokemon.csv in Resources */,
				72B7842E1C75D277000E2058 /* Main.storyboard in Resources */,
			);
			runOnlyForDeploymentPostprocessing = 0;
		};
/* End PBXResourcesBuildPhase section */

/* Begin PBXShellScriptBuildPhase section */
		9A623E451A5DCCADE7C0E7E5 /* Embed Pods Frameworks */ = {
			isa = PBXShellScriptBuildPhase;
			buildActionMask = 2147483647;
			files = (
			);
			inputPaths = (
			);
			name = "Embed Pods Frameworks";
			outputPaths = (
			);
			runOnlyForDeploymentPostprocessing = 0;
			shellPath = /bin/sh;
			shellScript = "\"${SRCROOT}/Pods/Target Support Files/Pods-pokemon-pokedex/Pods-pokemon-pokedex-frameworks.sh\"\n";
			showEnvVarsInLog = 0;
		};
		B5E3BE810CF9A6329D58D5CD /* Check Pods Manifest.lock */ = {
			isa = PBXShellScriptBuildPhase;
			buildActionMask = 2147483647;
			files = (
			);
			inputPaths = (
			);
			name = "Check Pods Manifest.lock";
			outputPaths = (
			);
			runOnlyForDeploymentPostprocessing = 0;
			shellPath = /bin/sh;
			shellScript = "diff \"${PODS_ROOT}/../Podfile.lock\" \"${PODS_ROOT}/Manifest.lock\" > /dev/null\nif [[ $? != 0 ]] ; then\n    cat << EOM\nerror: The sandbox is not in sync with the Podfile.lock. Run 'pod install' or update your CocoaPods installation.\nEOM\n    exit 1\nfi\n";
			showEnvVarsInLog = 0;
		};
		D03AFB042E2680338C62FED9 /* Copy Pods Resources */ = {
			isa = PBXShellScriptBuildPhase;
			buildActionMask = 2147483647;
			files = (
			);
			inputPaths = (
			);
			name = "Copy Pods Resources";
			outputPaths = (
			);
			runOnlyForDeploymentPostprocessing = 0;
			shellPath = /bin/sh;
			shellScript = "\"${SRCROOT}/Pods/Target Support Files/Pods-pokemon-pokedex/Pods-pokemon-pokedex-resources.sh\"\n";
			showEnvVarsInLog = 0;
		};
/* End PBXShellScriptBuildPhase section */

/* Begin PBXSourcesBuildPhase section */
		72B784211C75D277000E2058 /* Sources */ = {
			isa = PBXSourcesBuildPhase;
			buildActionMask = 2147483647;
			files = (
				72B784411C75F32C000E2058 /* PokeCell.swift in Sources */,
				72B7842B1C75D277000E2058 /* ViewController.swift in Sources */,
				72B784291C75D277000E2058 /* AppDelegate.swift in Sources */,
				72B7844C1C77090A000E2058 /* PokemonDetailVC.swift in Sources */,
				72B7844E1C7827D0000E2058 /* Constants.swift in Sources */,
				72B7843E1C75E36B000E2058 /* Pokemon.swift in Sources */,
				72B784431C76E292000E2058 /* csv.swift in Sources */,
			);
			runOnlyForDeploymentPostprocessing = 0;
		};
/* End PBXSourcesBuildPhase section */

/* Begin PBXVariantGroup section */
		72B7842C1C75D277000E2058 /* Main.storyboard */ = {
			isa = PBXVariantGroup;
			children = (
				72B7842D1C75D277000E2058 /* Base */,
			);
			name = Main.storyboard;
			sourceTree = "<group>";
		};
		72B784311C75D277000E2058 /* LaunchScreen.storyboard */ = {
			isa = PBXVariantGroup;
			children = (
				72B784321C75D277000E2058 /* Base */,
			);
			name = LaunchScreen.storyboard;
			sourceTree = "<group>";
		};
/* End PBXVariantGroup section */

/* Begin XCBuildConfiguration section */
		72B784351C75D277000E2058 /* Debug */ = {
			isa = XCBuildConfiguration;
			buildSettings = {
				ALWAYS_SEARCH_USER_PATHS = NO;
				CLANG_CXX_LANGUAGE_STANDARD = "gnu++0x";
				CLANG_CXX_LIBRARY = "libc++";
				CLANG_ENABLE_MODULES = YES;
				CLANG_ENABLE_OBJC_ARC = YES;
				CLANG_WARN_BOOL_CONVERSION = YES;
				CLANG_WARN_CONSTANT_CONVERSION = YES;
				CLANG_WARN_DIRECT_OBJC_ISA_USAGE = YES_ERROR;
				CLANG_WARN_EMPTY_BODY = YES;
				CLANG_WARN_ENUM_CONVERSION = YES;
				CLANG_WARN_INT_CONVERSION = YES;
				CLANG_WARN_OBJC_ROOT_CLASS = YES_ERROR;
				CLANG_WARN_UNREACHABLE_CODE = YES;
				CLANG_WARN__DUPLICATE_METHOD_MATCH = YES;
				"CODE_SIGN_IDENTITY[sdk=iphoneos*]" = "iPhone Developer";
				COPY_PHASE_STRIP = NO;
				DEBUG_INFORMATION_FORMAT = dwarf;
				ENABLE_STRICT_OBJC_MSGSEND = YES;
				ENABLE_TESTABILITY = YES;
				GCC_C_LANGUAGE_STANDARD = gnu99;
				GCC_DYNAMIC_NO_PIC = NO;
				GCC_NO_COMMON_BLOCKS = YES;
				GCC_OPTIMIZATION_LEVEL = 0;
				GCC_PREPROCESSOR_DEFINITIONS = (
					"DEBUG=1",
					"$(inherited)",
				);
				GCC_WARN_64_TO_32_BIT_CONVERSION = YES;
				GCC_WARN_ABOUT_RETURN_TYPE = YES_ERROR;
				GCC_WARN_UNDECLARED_SELECTOR = YES;
				GCC_WARN_UNINITIALIZED_AUTOS = YES_AGGRESSIVE;
				GCC_WARN_UNUSED_FUNCTION = YES;
				GCC_WARN_UNUSED_VARIABLE = YES;
				IPHONEOS_DEPLOYMENT_TARGET = 9.2;
				MTL_ENABLE_DEBUG_INFO = YES;
				ONLY_ACTIVE_ARCH = YES;
				SDKROOT = iphoneos;
				SWIFT_OPTIMIZATION_LEVEL = "-Onone";
				TARGETED_DEVICE_FAMILY = "1,2";
			};
			name = Debug;
		};
		72B784361C75D277000E2058 /* Release */ = {
			isa = XCBuildConfiguration;
			buildSettings = {
				ALWAYS_SEARCH_USER_PATHS = NO;
				CLANG_CXX_LANGUAGE_STANDARD = "gnu++0x";
				CLANG_CXX_LIBRARY = "libc++";
				CLANG_ENABLE_MODULES = YES;
				CLANG_ENABLE_OBJC_ARC = YES;
				CLANG_WARN_BOOL_CONVERSION = YES;
				CLANG_WARN_CONSTANT_CONVERSION = YES;
				CLANG_WARN_DIRECT_OBJC_ISA_USAGE = YES_ERROR;
				CLANG_WARN_EMPTY_BODY = YES;
				CLANG_WARN_ENUM_CONVERSION = YES;
				CLANG_WARN_INT_CONVERSION = YES;
				CLANG_WARN_OBJC_ROOT_CLASS = YES_ERROR;
				CLANG_WARN_UNREACHABLE_CODE = YES;
				CLANG_WARN__DUPLICATE_METHOD_MATCH = YES;
				"CODE_SIGN_IDENTITY[sdk=iphoneos*]" = "iPhone Developer";
				COPY_PHASE_STRIP = NO;
				DEBUG_INFORMATION_FORMAT = "dwarf-with-dsym";
				ENABLE_NS_ASSERTIONS = NO;
				ENABLE_STRICT_OBJC_MSGSEND = YES;
				GCC_C_LANGUAGE_STANDARD = gnu99;
				GCC_NO_COMMON_BLOCKS = YES;
				GCC_WARN_64_TO_32_BIT_CONVERSION = YES;
				GCC_WARN_ABOUT_RETURN_TYPE = YES_ERROR;
				GCC_WARN_UNDECLARED_SELECTOR = YES;
				GCC_WARN_UNINITIALIZED_AUTOS = YES_AGGRESSIVE;
				GCC_WARN_UNUSED_FUNCTION = YES;
				GCC_WARN_UNUSED_VARIABLE = YES;
				IPHONEOS_DEPLOYMENT_TARGET = 9.2;
				MTL_ENABLE_DEBUG_INFO = NO;
				SDKROOT = iphoneos;
				TARGETED_DEVICE_FAMILY = "1,2";
				VALIDATE_PRODUCT = YES;
			};
			name = Release;
		};
		72B784381C75D277000E2058 /* Debug */ = {
			isa = XCBuildConfiguration;
			baseConfigurationReference = EA1323F683C2F50D56A2CC8B /* Pods-pokemon-pokedex.debug.xcconfig */;
			buildSettings = {
				ASSETCATALOG_COMPILER_APPICON_NAME = AppIcon;
				INFOPLIST_FILE = "pokemon-pokedex/Info.plist";
				LD_RUNPATH_SEARCH_PATHS = "$(inherited) @executable_path/Frameworks";
				PRODUCT_BUNDLE_IDENTIFIER = "net.wordoftodd.pokemon-pokedex";
				PRODUCT_NAME = "$(TARGET_NAME)";
			};
			name = Debug;
		};
		72B784391C75D277000E2058 /* Release */ = {
			isa = XCBuildConfiguration;
			baseConfigurationReference = 7BE6F03ACD913313A9E17162 /* Pods-pokemon-pokedex.release.xcconfig */;
			buildSettings = {
				ASSETCATALOG_COMPILER_APPICON_NAME = AppIcon;
				INFOPLIST_FILE = "pokemon-pokedex/Info.plist";
				LD_RUNPATH_SEARCH_PATHS = "$(inherited) @executable_path/Frameworks";
				PRODUCT_BUNDLE_IDENTIFIER = "net.wordoftodd.pokemon-pokedex";
				PRODUCT_NAME = "$(TARGET_NAME)";
			};
			name = Release;
		};
/* End XCBuildConfiguration section */

/* Begin XCConfigurationList section */
		72B784201C75D277000E2058 /* Build configuration list for PBXProject "pokemon-pokedex" */ = {
			isa = XCConfigurationList;
			buildConfigurations = (
				72B784351C75D277000E2058 /* Debug */,
				72B784361C75D277000E2058 /* Release */,
			);
			defaultConfigurationIsVisible = 0;
			defaultConfigurationName = Release;
		};
		72B784371C75D277000E2058 /* Build configuration list for PBXNativeTarget "pokemon-pokedex" */ = {
			isa = XCConfigurationList;
			buildConfigurations = (
				72B784381C75D277000E2058 /* Debug */,
				72B784391C75D277000E2058 /* Release */,
			);
			defaultConfigurationIsVisible = 0;
			defaultConfigurationName = Release;
		};
/* End XCConfigurationList section */
	};
	rootObject = 72B7841D1C75D277000E2058 /* Project object */;
}
